
Microsoft Visual Studio Solution File, Format Version 12.00
# Visual Studio 15
VisualStudioVersion = 15.0.27428.2043
MinimumVisualStudioVersion = 10.0.40219.1
Project("{FAE04EC0-301F-11D3-BF4B-00C04F79EFBC}") = "Fiver.Security.AzureAdB2C", "Fiver.Security.AzureAdB2C\Fiver.Security.AzureAdB2C.csproj", "{968442A6-EA16-4C77-AF6B-FCF4403A9280}"
EndProject
Global
	GlobalSection(SolutionConfigurationPlatforms) = preSolution
		Debug|Any CPU = Debug|Any CPU
		Release|Any CPU = Release|Any CPU
	EndGlobalSection
	GlobalSection(ProjectConfigurationPlatforms) = postSolution
		{968442A6-EA16-4C77-AF6B-FCF4403A9280}.Debug|Any CPU.ActiveCfg = Debug|Any CPU
		{968442A6-EA16-4C77-AF6B-FCF4403A9280}.Debug|Any CPU.Build.0 = Debug|Any CPU
		{968442A6-EA16-4C77-AF6B-FCF4403A9280}.Release|Any CPU.ActiveCfg = Release|Any CPU
		{968442A6-EA16-4C77-AF6B-FCF4403A9280}.Release|Any CPU.Build.0 = Release|Any CPU
	EndGlobalSection
	GlobalSection(SolutionProperties) = preSolution
		HideSolutionNode = FALSE
	EndGlobalSection
	GlobalSection(ExtensibilityGlobals) = postSolution
		SolutionGuid = {6EDD5661-7CC0-44E8-8D79-017A1866A149}
	EndGlobalSection
EndGlobal
